
Microsoft Visual Studio Solution File, Format Version 12.00
# Visual Studio 15
VisualStudioVersion = 15.0.26124.0
MinimumVisualStudioVersion = 15.0.26124.0
Project("{2150E333-8FDC-42A3-9474-1A3956D46DE8}") = "0-Presentation", "0-Presentation", "{1ADA6605-9989-4346-997C-2F0CB6760788}"
EndProject
Project("{FAE04EC0-301F-11D3-BF4B-00C04F79EFBC}") = "Mvc", "0-Presentation\Mvc\Mvc.csproj", "{A6A78B05-5ECC-407F-A7F3-03FFA51C7AA1}"
EndProject
Project("{2150E333-8FDC-42A3-9474-1A3956D46DE8}") = "1-Service", "1-Service", "{1C16E9EC-1990-4AB8-8613-DDD8C7C29323}"
EndProject
Project("{FAE04EC0-301F-11D3-BF4B-00C04F79EFBC}") = "Api", "1-Service\Api\Api.csproj", "{F8461688-C096-4E0C-9127-4490ED07482B}"
EndProject
Project("{2150E333-8FDC-42A3-9474-1A3956D46DE8}") = "2-Domain", "2-Domain", "{29CC4CC2-36ED-4FF0-8DBA-BF6474BF6955}"
EndProject
Project("{FAE04EC0-301F-11D3-BF4B-00C04F79EFBC}") = "App", "2-Domain\App\App.csproj", "{7BA7CACE-CD86-484F-AC75-CBADE87778FF}"
EndProject
Project("{FAE04EC0-301F-11D3-BF4B-00C04F79EFBC}") = "Core", "2-Domain\Core\Core.csproj", "{1CDB68DF-93F5-4BEF-9811-48C84AE029F7}"
EndProject
Project("{FAE04EC0-301F-11D3-BF4B-00C04F79EFBC}") = "Shared", "2-Domain\Shared\Shared.csproj", "{500643C5-9693-4E49-9419-AC5569D95BB2}"
EndProject
Project("{2150E333-8FDC-42A3-9474-1A3956D46DE8}") = "3-Infra", "3-Infra", "{23C797A6-6F93-48EE-8572-1A3A476762A0}"
EndProject
Project("{2150E333-8FDC-42A3-9474-1A3956D46DE8}") = "3.1-Repository", "3.1-Repository", "{85E15288-2ABF-4965-8020-5D1FE67046CD}"
EndProject
Project("{FAE04EC0-301F-11D3-BF4B-00C04F79EFBC}") = "SqlServeRepository", "3-Infra\3.1-Repository\SqlServeRepository\SqlServeRepository.csproj", "{7A6849A0-E20E-46F3-9721-367AAFE7EAC7}"
EndProject
Project("{2150E333-8FDC-42A3-9474-1A3956D46DE8}") = "3.2-Provider", "3.2-Provider", "{D562C0A4-FC4B-47DA-A9A0-CFF10ADA9780}"
EndProject
Project("{FAE04EC0-301F-11D3-BF4B-00C04F79EFBC}") = "HttpClientProvider", "3-Infra\3.2-Provider\HttpClientProvider\HttpClientProvider.csproj", "{05A924EB-C017-4A8F-921C-AFF213839CF7}"
EndProject
Project("{2150E333-8FDC-42A3-9474-1A3956D46DE8}") = "3.3-AccessControl", "3.3-AccessControl", "{11002ED5-CD69-4C38-BC0E-AE703A4E273C}"
EndProject
Project("{FAE04EC0-301F-11D3-BF4B-00C04F79EFBC}") = "AspNetIdentity", "3-Infra\3.3-AccessControl\AspNetIdentity\AspNetIdentity.csproj", "{A5828925-B189-456D-ABEC-BA4E6E8ADC5D}"
EndProject
Project("{2150E333-8FDC-42A3-9474-1A3956D46DE8}") = "4-CrossCutting", "4-CrossCutting", "{4A06FF99-6892-4C3C-86A4-F80CD31D13B6}"
EndProject
Project("{FAE04EC0-301F-11D3-BF4B-00C04F79EFBC}") = "IoC", "4-CrossCutting\IoC\IoC.csproj", "{D3A95AE1-4492-4AD6-B424-A77EAE5A41F1}"
EndProject
Project("{2150E333-8FDC-42A3-9474-1A3956D46DE8}") = "5-Tests", "5-Tests", "{D8F4AC97-796E-4C40-9A6C-901047DB85C5}"
EndProject
Project("{2150E333-8FDC-42A3-9474-1A3956D46DE8}") = "5.0-PresentationTests", "5.0-PresentationTests", "{3AACEB3B-034B-47BD-B2EF-A302B56EF4F3}"
EndProject
Project("{FAE04EC0-301F-11D3-BF4B-00C04F79EFBC}") = "MvcTests", "5-Tests\5.0-PresentationTests\MvcTests\MvcTests.csproj", "{63F4889C-7082-4114-8C2D-7702374894A5}"
EndProject
Project("{2150E333-8FDC-42A3-9474-1A3956D46DE8}") = "5.1-ServiceTests", "5.1-ServiceTests", "{063E81CE-E928-4E01-B4D5-F54BAADE47C7}"
EndProject
Project("{FAE04EC0-301F-11D3-BF4B-00C04F79EFBC}") = "ApiTests", "5-Tests\5.1-ServiceTests\ApiTests\ApiTests.csproj", "{7A342DE7-3AED-4CC5-9337-DA714409A293}"
EndProject
Project("{2150E333-8FDC-42A3-9474-1A3956D46DE8}") = "5.2-DomainTests", "5.2-DomainTests", "{4116F72C-AD1C-4B03-8037-0A72801A5390}"
EndProject
Project("{FAE04EC0-301F-11D3-BF4B-00C04F79EFBC}") = "AppTests", "5-Tests\5.2-DomainTests\AppTests\AppTests.csproj", "{F6933131-FC00-424A-8B3D-86AD3FF90751}"
EndProject
Project("{FAE04EC0-301F-11D3-BF4B-00C04F79EFBC}") = "CoreTests", "5-Tests\5.2-DomainTests\CoreTests\CoreTests.csproj", "{767405CB-9028-43A7-A6D8-FB20F31D027E}"
EndProject
Project("{FAE04EC0-301F-11D3-BF4B-00C04F79EFBC}") = "SharedTests", "5-Tests\5.2-DomainTests\SharedTests\SharedTests.csproj", "{CD632B85-B598-4E71-9292-414BCCE49A4C}"
EndProject
Project("{2150E333-8FDC-42A3-9474-1A3956D46DE8}") = "5.3-InfraTests", "5.3-InfraTests", "{0ECF907D-942D-48D8-B8DB-67B0FAAE8B5E}"
EndProject
Project("{2150E333-8FDC-42A3-9474-1A3956D46DE8}") = "5.3.1-RepositoryTests", "5.3.1-RepositoryTests", "{2255E06A-1C5C-45F5-853A-9BBB1DEFD794}"
EndProject
Project("{FAE04EC0-301F-11D3-BF4B-00C04F79EFBC}") = "SqlServerRepositoryTests", "5-Tests\5.3-InfraTests\5.3.1-RepositoryTests\SqlServerRepositoryTests\SqlServerRepositoryTests.csproj", "{7511FCFC-61D9-4ADA-AC07-62D666B83082}"
EndProject
Project("{2150E333-8FDC-42A3-9474-1A3956D46DE8}") = "5.3.2-ProviderTests", "5.3.2-ProviderTests", "{55DAE0E4-1500-4D49-B4EC-8224BFEC614B}"
EndProject
Project("{FAE04EC0-301F-11D3-BF4B-00C04F79EFBC}") = "HttpClientProviderTests", "5-Tests\5.3-InfraTests\5.3.2-ProviderTests\HttpClientProviderTests\HttpClientProviderTests.csproj", "{36F3D1ED-766C-46E5-860A-A220085AF907}"
EndProject
Project("{2150E333-8FDC-42A3-9474-1A3956D46DE8}") = "5.3.3-AccessControlTests", "5.3.3-AccessControlTests", "{7CAD0ED8-5626-4E71-B322-66C663402906}"
EndProject
Project("{FAE04EC0-301F-11D3-BF4B-00C04F79EFBC}") = "AspNetIdentityTests", "5-Tests\5.3-InfraTests\5.3.3-AccessControlTests\AspNetIdentityTests\AspNetIdentityTests.csproj", "{8AD02C73-915E-4C73-8544-952970948C7C}"
EndProject
Project("{2150E333-8FDC-42A3-9474-1A3956D46DE8}") = "5.4-CrossCuttingTests", "5.4-CrossCuttingTests", "{03846C5D-B7D0-49DF-AE00-73E85F06D15E}"
EndProject
Project("{FAE04EC0-301F-11D3-BF4B-00C04F79EFBC}") = "IoCTests", "5-Tests\5.4-CrossCuttingTests\IoCTests\IoCTests.csproj", "{FC142B86-B21D-46D9-8C8C-95B0F49CE994}"
EndProject
Global
	GlobalSection(SolutionConfigurationPlatforms) = preSolution
		Debug|Any CPU = Debug|Any CPU
		Debug|x64 = Debug|x64
		Debug|x86 = Debug|x86
		Release|Any CPU = Release|Any CPU
		Release|x64 = Release|x64
		Release|x86 = Release|x86
	EndGlobalSection
	GlobalSection(SolutionProperties) = preSolution
		HideSolutionNode = FALSE
	EndGlobalSection
	GlobalSection(ProjectConfigurationPlatforms) = postSolution
		{A6A78B05-5ECC-407F-A7F3-03FFA51C7AA1}.Debug|Any CPU.ActiveCfg = Debug|Any CPU
		{A6A78B05-5ECC-407F-A7F3-03FFA51C7AA1}.Debug|Any CPU.Build.0 = Debug|Any CPU
		{A6A78B05-5ECC-407F-A7F3-03FFA51C7AA1}.Debug|x64.ActiveCfg = Debug|x64
		{A6A78B05-5ECC-407F-A7F3-03FFA51C7AA1}.Debug|x64.Build.0 = Debug|x64
		{A6A78B05-5ECC-407F-A7F3-03FFA51C7AA1}.Debug|x86.ActiveCfg = Debug|x86
		{A6A78B05-5ECC-407F-A7F3-03FFA51C7AA1}.Debug|x86.Build.0 = Debug|x86
		{A6A78B05-5ECC-407F-A7F3-03FFA51C7AA1}.Release|Any CPU.ActiveCfg = Release|Any CPU
		{A6A78B05-5ECC-407F-A7F3-03FFA51C7AA1}.Release|Any CPU.Build.0 = Release|Any CPU
		{A6A78B05-5ECC-407F-A7F3-03FFA51C7AA1}.Release|x64.ActiveCfg = Release|x64
		{A6A78B05-5ECC-407F-A7F3-03FFA51C7AA1}.Release|x64.Build.0 = Release|x64
		{A6A78B05-5ECC-407F-A7F3-03FFA51C7AA1}.Release|x86.ActiveCfg = Release|x86
		{A6A78B05-5ECC-407F-A7F3-03FFA51C7AA1}.Release|x86.Build.0 = Release|x86
		{F8461688-C096-4E0C-9127-4490ED07482B}.Debug|Any CPU.ActiveCfg = Debug|Any CPU
		{F8461688-C096-4E0C-9127-4490ED07482B}.Debug|Any CPU.Build.0 = Debug|Any CPU
		{F8461688-C096-4E0C-9127-4490ED07482B}.Debug|x64.ActiveCfg = Debug|x64
		{F8461688-C096-4E0C-9127-4490ED07482B}.Debug|x64.Build.0 = Debug|x64
		{F8461688-C096-4E0C-9127-4490ED07482B}.Debug|x86.ActiveCfg = Debug|x86
		{F8461688-C096-4E0C-9127-4490ED07482B}.Debug|x86.Build.0 = Debug|x86
		{F8461688-C096-4E0C-9127-4490ED07482B}.Release|Any CPU.ActiveCfg = Release|Any CPU
		{F8461688-C096-4E0C-9127-4490ED07482B}.Release|Any CPU.Build.0 = Release|Any CPU
		{F8461688-C096-4E0C-9127-4490ED07482B}.Release|x64.ActiveCfg = Release|x64
		{F8461688-C096-4E0C-9127-4490ED07482B}.Release|x64.Build.0 = Release|x64
		{F8461688-C096-4E0C-9127-4490ED07482B}.Release|x86.ActiveCfg = Release|x86
		{F8461688-C096-4E0C-9127-4490ED07482B}.Release|x86.Build.0 = Release|x86
		{7BA7CACE-CD86-484F-AC75-CBADE87778FF}.Debug|Any CPU.ActiveCfg = Debug|Any CPU
		{7BA7CACE-CD86-484F-AC75-CBADE87778FF}.Debug|Any CPU.Build.0 = Debug|Any CPU
		{7BA7CACE-CD86-484F-AC75-CBADE87778FF}.Debug|x64.ActiveCfg = Debug|x64
		{7BA7CACE-CD86-484F-AC75-CBADE87778FF}.Debug|x64.Build.0 = Debug|x64
		{7BA7CACE-CD86-484F-AC75-CBADE87778FF}.Debug|x86.ActiveCfg = Debug|x86
		{7BA7CACE-CD86-484F-AC75-CBADE87778FF}.Debug|x86.Build.0 = Debug|x86
		{7BA7CACE-CD86-484F-AC75-CBADE87778FF}.Release|Any CPU.ActiveCfg = Release|Any CPU
		{7BA7CACE-CD86-484F-AC75-CBADE87778FF}.Release|Any CPU.Build.0 = Release|Any CPU
		{7BA7CACE-CD86-484F-AC75-CBADE87778FF}.Release|x64.ActiveCfg = Release|x64
		{7BA7CACE-CD86-484F-AC75-CBADE87778FF}.Release|x64.Build.0 = Release|x64
		{7BA7CACE-CD86-484F-AC75-CBADE87778FF}.Release|x86.ActiveCfg = Release|x86
		{7BA7CACE-CD86-484F-AC75-CBADE87778FF}.Release|x86.Build.0 = Release|x86
		{1CDB68DF-93F5-4BEF-9811-48C84AE029F7}.Debug|Any CPU.ActiveCfg = Debug|Any CPU
		{1CDB68DF-93F5-4BEF-9811-48C84AE029F7}.Debug|Any CPU.Build.0 = Debug|Any CPU
		{1CDB68DF-93F5-4BEF-9811-48C84AE029F7}.Debug|x64.ActiveCfg = Debug|x64
		{1CDB68DF-93F5-4BEF-9811-48C84AE029F7}.Debug|x64.Build.0 = Debug|x64
		{1CDB68DF-93F5-4BEF-9811-48C84AE029F7}.Debug|x86.ActiveCfg = Debug|x86
		{1CDB68DF-93F5-4BEF-9811-48C84AE029F7}.Debug|x86.Build.0 = Debug|x86
		{1CDB68DF-93F5-4BEF-9811-48C84AE029F7}.Release|Any CPU.ActiveCfg = Release|Any CPU
		{1CDB68DF-93F5-4BEF-9811-48C84AE029F7}.Release|Any CPU.Build.0 = Release|Any CPU
		{1CDB68DF-93F5-4BEF-9811-48C84AE029F7}.Release|x64.ActiveCfg = Release|x64
		{1CDB68DF-93F5-4BEF-9811-48C84AE029F7}.Release|x64.Build.0 = Release|x64
		{1CDB68DF-93F5-4BEF-9811-48C84AE029F7}.Release|x86.ActiveCfg = Release|x86
		{1CDB68DF-93F5-4BEF-9811-48C84AE029F7}.Release|x86.Build.0 = Release|x86
		{500643C5-9693-4E49-9419-AC5569D95BB2}.Debug|Any CPU.ActiveCfg = Debug|Any CPU
		{500643C5-9693-4E49-9419-AC5569D95BB2}.Debug|Any CPU.Build.0 = Debug|Any CPU
		{500643C5-9693-4E49-9419-AC5569D95BB2}.Debug|x64.ActiveCfg = Debug|x64
		{500643C5-9693-4E49-9419-AC5569D95BB2}.Debug|x64.Build.0 = Debug|x64
		{500643C5-9693-4E49-9419-AC5569D95BB2}.Debug|x86.ActiveCfg = Debug|x86
		{500643C5-9693-4E49-9419-AC5569D95BB2}.Debug|x86.Build.0 = Debug|x86
		{500643C5-9693-4E49-9419-AC5569D95BB2}.Release|Any CPU.ActiveCfg = Release|Any CPU
		{500643C5-9693-4E49-9419-AC5569D95BB2}.Release|Any CPU.Build.0 = Release|Any CPU
		{500643C5-9693-4E49-9419-AC5569D95BB2}.Release|x64.ActiveCfg = Release|x64
		{500643C5-9693-4E49-9419-AC5569D95BB2}.Release|x64.Build.0 = Release|x64
		{500643C5-9693-4E49-9419-AC5569D95BB2}.Release|x86.ActiveCfg = Release|x86
		{500643C5-9693-4E49-9419-AC5569D95BB2}.Release|x86.Build.0 = Release|x86
		{7A6849A0-E20E-46F3-9721-367AAFE7EAC7}.Debug|Any CPU.ActiveCfg = Debug|Any CPU
		{7A6849A0-E20E-46F3-9721-367AAFE7EAC7}.Debug|Any CPU.Build.0 = Debug|Any CPU
		{7A6849A0-E20E-46F3-9721-367AAFE7EAC7}.Debug|x64.ActiveCfg = Debug|x64
		{7A6849A0-E20E-46F3-9721-367AAFE7EAC7}.Debug|x64.Build.0 = Debug|x64
		{7A6849A0-E20E-46F3-9721-367AAFE7EAC7}.Debug|x86.ActiveCfg = Debug|x86
		{7A6849A0-E20E-46F3-9721-367AAFE7EAC7}.Debug|x86.Build.0 = Debug|x86
		{7A6849A0-E20E-46F3-9721-367AAFE7EAC7}.Release|Any CPU.ActiveCfg = Release|Any CPU
		{7A6849A0-E20E-46F3-9721-367AAFE7EAC7}.Release|Any CPU.Build.0 = Release|Any CPU
		{7A6849A0-E20E-46F3-9721-367AAFE7EAC7}.Release|x64.ActiveCfg = Release|x64
		{7A6849A0-E20E-46F3-9721-367AAFE7EAC7}.Release|x64.Build.0 = Release|x64
		{7A6849A0-E20E-46F3-9721-367AAFE7EAC7}.Release|x86.ActiveCfg = Release|x86
		{7A6849A0-E20E-46F3-9721-367AAFE7EAC7}.Release|x86.Build.0 = Release|x86
		{05A924EB-C017-4A8F-921C-AFF213839CF7}.Debug|Any CPU.ActiveCfg = Debug|Any CPU
		{05A924EB-C017-4A8F-921C-AFF213839CF7}.Debug|Any CPU.Build.0 = Debug|Any CPU
		{05A924EB-C017-4A8F-921C-AFF213839CF7}.Debug|x64.ActiveCfg = Debug|x64
		{05A924EB-C017-4A8F-921C-AFF213839CF7}.Debug|x64.Build.0 = Debug|x64
		{05A924EB-C017-4A8F-921C-AFF213839CF7}.Debug|x86.ActiveCfg = Debug|x86
		{05A924EB-C017-4A8F-921C-AFF213839CF7}.Debug|x86.Build.0 = Debug|x86
		{05A924EB-C017-4A8F-921C-AFF213839CF7}.Release|Any CPU.ActiveCfg = Release|Any CPU
		{05A924EB-C017-4A8F-921C-AFF213839CF7}.Release|Any CPU.Build.0 = Release|Any CPU
		{05A924EB-C017-4A8F-921C-AFF213839CF7}.Release|x64.ActiveCfg = Release|x64
		{05A924EB-C017-4A8F-921C-AFF213839CF7}.Release|x64.Build.0 = Release|x64
		{05A924EB-C017-4A8F-921C-AFF213839CF7}.Release|x86.ActiveCfg = Release|x86
		{05A924EB-C017-4A8F-921C-AFF213839CF7}.Release|x86.Build.0 = Release|x86
		{A5828925-B189-456D-ABEC-BA4E6E8ADC5D}.Debug|Any CPU.ActiveCfg = Debug|Any CPU
		{A5828925-B189-456D-ABEC-BA4E6E8ADC5D}.Debug|Any CPU.Build.0 = Debug|Any CPU
		{A5828925-B189-456D-ABEC-BA4E6E8ADC5D}.Debug|x64.ActiveCfg = Debug|x64
		{A5828925-B189-456D-ABEC-BA4E6E8ADC5D}.Debug|x64.Build.0 = Debug|x64
		{A5828925-B189-456D-ABEC-BA4E6E8ADC5D}.Debug|x86.ActiveCfg = Debug|x86
		{A5828925-B189-456D-ABEC-BA4E6E8ADC5D}.Debug|x86.Build.0 = Debug|x86
		{A5828925-B189-456D-ABEC-BA4E6E8ADC5D}.Release|Any CPU.ActiveCfg = Release|Any CPU
		{A5828925-B189-456D-ABEC-BA4E6E8ADC5D}.Release|Any CPU.Build.0 = Release|Any CPU
		{A5828925-B189-456D-ABEC-BA4E6E8ADC5D}.Release|x64.ActiveCfg = Release|x64
		{A5828925-B189-456D-ABEC-BA4E6E8ADC5D}.Release|x64.Build.0 = Release|x64
		{A5828925-B189-456D-ABEC-BA4E6E8ADC5D}.Release|x86.ActiveCfg = Release|x86
		{A5828925-B189-456D-ABEC-BA4E6E8ADC5D}.Release|x86.Build.0 = Release|x86
		{D3A95AE1-4492-4AD6-B424-A77EAE5A41F1}.Debug|Any CPU.ActiveCfg = Debug|Any CPU
		{D3A95AE1-4492-4AD6-B424-A77EAE5A41F1}.Debug|Any CPU.Build.0 = Debug|Any CPU
		{D3A95AE1-4492-4AD6-B424-A77EAE5A41F1}.Debug|x64.ActiveCfg = Debug|x64
		{D3A95AE1-4492-4AD6-B424-A77EAE5A41F1}.Debug|x64.Build.0 = Debug|x64
		{D3A95AE1-4492-4AD6-B424-A77EAE5A41F1}.Debug|x86.ActiveCfg = Debug|x86
		{D3A95AE1-4492-4AD6-B424-A77EAE5A41F1}.Debug|x86.Build.0 = Debug|x86
		{D3A95AE1-4492-4AD6-B424-A77EAE5A41F1}.Release|Any CPU.ActiveCfg = Release|Any CPU
		{D3A95AE1-4492-4AD6-B424-A77EAE5A41F1}.Release|Any CPU.Build.0 = Release|Any CPU
		{D3A95AE1-4492-4AD6-B424-A77EAE5A41F1}.Release|x64.ActiveCfg = Release|x64
		{D3A95AE1-4492-4AD6-B424-A77EAE5A41F1}.Release|x64.Build.0 = Release|x64
		{D3A95AE1-4492-4AD6-B424-A77EAE5A41F1}.Release|x86.ActiveCfg = Release|x86
		{D3A95AE1-4492-4AD6-B424-A77EAE5A41F1}.Release|x86.Build.0 = Release|x86
		{63F4889C-7082-4114-8C2D-7702374894A5}.Debug|Any CPU.ActiveCfg = Debug|Any CPU
		{63F4889C-7082-4114-8C2D-7702374894A5}.Debug|Any CPU.Build.0 = Debug|Any CPU
		{63F4889C-7082-4114-8C2D-7702374894A5}.Debug|x64.ActiveCfg = Debug|x64
		{63F4889C-7082-4114-8C2D-7702374894A5}.Debug|x64.Build.0 = Debug|x64
		{63F4889C-7082-4114-8C2D-7702374894A5}.Debug|x86.ActiveCfg = Debug|x86
		{63F4889C-7082-4114-8C2D-7702374894A5}.Debug|x86.Build.0 = Debug|x86
		{63F4889C-7082-4114-8C2D-7702374894A5}.Release|Any CPU.ActiveCfg = Release|Any CPU
		{63F4889C-7082-4114-8C2D-7702374894A5}.Release|Any CPU.Build.0 = Release|Any CPU
		{63F4889C-7082-4114-8C2D-7702374894A5}.Release|x64.ActiveCfg = Release|x64
		{63F4889C-7082-4114-8C2D-7702374894A5}.Release|x64.Build.0 = Release|x64
		{63F4889C-7082-4114-8C2D-7702374894A5}.Release|x86.ActiveCfg = Release|x86
		{63F4889C-7082-4114-8C2D-7702374894A5}.Release|x86.Build.0 = Release|x86
		{7A342DE7-3AED-4CC5-9337-DA714409A293}.Debug|Any CPU.ActiveCfg = Debug|Any CPU
		{7A342DE7-3AED-4CC5-9337-DA714409A293}.Debug|Any CPU.Build.0 = Debug|Any CPU
		{7A342DE7-3AED-4CC5-9337-DA714409A293}.Debug|x64.ActiveCfg = Debug|x64
		{7A342DE7-3AED-4CC5-9337-DA714409A293}.Debug|x64.Build.0 = Debug|x64
		{7A342DE7-3AED-4CC5-9337-DA714409A293}.Debug|x86.ActiveCfg = Debug|x86
		{7A342DE7-3AED-4CC5-9337-DA714409A293}.Debug|x86.Build.0 = Debug|x86
		{7A342DE7-3AED-4CC5-9337-DA714409A293}.Release|Any CPU.ActiveCfg = Release|Any CPU
		{7A342DE7-3AED-4CC5-9337-DA714409A293}.Release|Any CPU.Build.0 = Release|Any CPU
		{7A342DE7-3AED-4CC5-9337-DA714409A293}.Release|x64.ActiveCfg = Release|x64
		{7A342DE7-3AED-4CC5-9337-DA714409A293}.Release|x64.Build.0 = Release|x64
		{7A342DE7-3AED-4CC5-9337-DA714409A293}.Release|x86.ActiveCfg = Release|x86
		{7A342DE7-3AED-4CC5-9337-DA714409A293}.Release|x86.Build.0 = Release|x86
		{F6933131-FC00-424A-8B3D-86AD3FF90751}.Debug|Any CPU.ActiveCfg = Debug|Any CPU
		{F6933131-FC00-424A-8B3D-86AD3FF90751}.Debug|Any CPU.Build.0 = Debug|Any CPU
		{F6933131-FC00-424A-8B3D-86AD3FF90751}.Debug|x64.ActiveCfg = Debug|x64
		{F6933131-FC00-424A-8B3D-86AD3FF90751}.Debug|x64.Build.0 = Debug|x64
		{F6933131-FC00-424A-8B3D-86AD3FF90751}.Debug|x86.ActiveCfg = Debug|x86
		{F6933131-FC00-424A-8B3D-86AD3FF90751}.Debug|x86.Build.0 = Debug|x86
		{F6933131-FC00-424A-8B3D-86AD3FF90751}.Release|Any CPU.ActiveCfg = Release|Any CPU
		{F6933131-FC00-424A-8B3D-86AD3FF90751}.Release|Any CPU.Build.0 = Release|Any CPU
		{F6933131-FC00-424A-8B3D-86AD3FF90751}.Release|x64.ActiveCfg = Release|x64
		{F6933131-FC00-424A-8B3D-86AD3FF90751}.Release|x64.Build.0 = Release|x64
		{F6933131-FC00-424A-8B3D-86AD3FF90751}.Release|x86.ActiveCfg = Release|x86
		{F6933131-FC00-424A-8B3D-86AD3FF90751}.Release|x86.Build.0 = Release|x86
		{767405CB-9028-43A7-A6D8-FB20F31D027E}.Debug|Any CPU.ActiveCfg = Debug|Any CPU
		{767405CB-9028-43A7-A6D8-FB20F31D027E}.Debug|Any CPU.Build.0 = Debug|Any CPU
		{767405CB-9028-43A7-A6D8-FB20F31D027E}.Debug|x64.ActiveCfg = Debug|x64
		{767405CB-9028-43A7-A6D8-FB20F31D027E}.Debug|x64.Build.0 = Debug|x64
		{767405CB-9028-43A7-A6D8-FB20F31D027E}.Debug|x86.ActiveCfg = Debug|x86
		{767405CB-9028-43A7-A6D8-FB20F31D027E}.Debug|x86.Build.0 = Debug|x86
		{767405CB-9028-43A7-A6D8-FB20F31D027E}.Release|Any CPU.ActiveCfg = Release|Any CPU
		{767405CB-9028-43A7-A6D8-FB20F31D027E}.Release|Any CPU.Build.0 = Release|Any CPU
		{767405CB-9028-43A7-A6D8-FB20F31D027E}.Release|x64.ActiveCfg = Release|x64
		{767405CB-9028-43A7-A6D8-FB20F31D027E}.Release|x64.Build.0 = Release|x64
		{767405CB-9028-43A7-A6D8-FB20F31D027E}.Release|x86.ActiveCfg = Release|x86
		{767405CB-9028-43A7-A6D8-FB20F31D027E}.Release|x86.Build.0 = Release|x86
		{CD632B85-B598-4E71-9292-414BCCE49A4C}.Debug|Any CPU.ActiveCfg = Debug|Any CPU
		{CD632B85-B598-4E71-9292-414BCCE49A4C}.Debug|Any CPU.Build.0 = Debug|Any CPU
		{CD632B85-B598-4E71-9292-414BCCE49A4C}.Debug|x64.ActiveCfg = Debug|x64
		{CD632B85-B598-4E71-9292-414BCCE49A4C}.Debug|x64.Build.0 = Debug|x64
		{CD632B85-B598-4E71-9292-414BCCE49A4C}.Debug|x86.ActiveCfg = Debug|x86
		{CD632B85-B598-4E71-9292-414BCCE49A4C}.Debug|x86.Build.0 = Debug|x86
		{CD632B85-B598-4E71-9292-414BCCE49A4C}.Release|Any CPU.ActiveCfg = Release|Any CPU
		{CD632B85-B598-4E71-9292-414BCCE49A4C}.Release|Any CPU.Build.0 = Release|Any CPU
		{CD632B85-B598-4E71-9292-414BCCE49A4C}.Release|x64.ActiveCfg = Release|x64
		{CD632B85-B598-4E71-9292-414BCCE49A4C}.Release|x64.Build.0 = Release|x64
		{CD632B85-B598-4E71-9292-414BCCE49A4C}.Release|x86.ActiveCfg = Release|x86
		{CD632B85-B598-4E71-9292-414BCCE49A4C}.Release|x86.Build.0 = Release|x86
		{7511FCFC-61D9-4ADA-AC07-62D666B83082}.Debug|Any CPU.ActiveCfg = Debug|Any CPU
		{7511FCFC-61D9-4ADA-AC07-62D666B83082}.Debug|Any CPU.Build.0 = Debug|Any CPU
		{7511FCFC-61D9-4ADA-AC07-62D666B83082}.Debug|x64.ActiveCfg = Debug|x64
		{7511FCFC-61D9-4ADA-AC07-62D666B83082}.Debug|x64.Build.0 = Debug|x64
		{7511FCFC-61D9-4ADA-AC07-62D666B83082}.Debug|x86.ActiveCfg = Debug|x86
		{7511FCFC-61D9-4ADA-AC07-62D666B83082}.Debug|x86.Build.0 = Debug|x86
		{7511FCFC-61D9-4ADA-AC07-62D666B83082}.Release|Any CPU.ActiveCfg = Release|Any CPU
		{7511FCFC-61D9-4ADA-AC07-62D666B83082}.Release|Any CPU.Build.0 = Release|Any CPU
		{7511FCFC-61D9-4ADA-AC07-62D666B83082}.Release|x64.ActiveCfg = Release|x64
		{7511FCFC-61D9-4ADA-AC07-62D666B83082}.Release|x64.Build.0 = Release|x64
		{7511FCFC-61D9-4ADA-AC07-62D666B83082}.Release|x86.ActiveCfg = Release|x86
		{7511FCFC-61D9-4ADA-AC07-62D666B83082}.Release|x86.Build.0 = Release|x86
		{36F3D1ED-766C-46E5-860A-A220085AF907}.Debug|Any CPU.ActiveCfg = Debug|Any CPU
		{36F3D1ED-766C-46E5-860A-A220085AF907}.Debug|Any CPU.Build.0 = Debug|Any CPU
		{36F3D1ED-766C-46E5-860A-A220085AF907}.Debug|x64.ActiveCfg = Debug|x64
		{36F3D1ED-766C-46E5-860A-A220085AF907}.Debug|x64.Build.0 = Debug|x64
		{36F3D1ED-766C-46E5-860A-A220085AF907}.Debug|x86.ActiveCfg = Debug|x86
		{36F3D1ED-766C-46E5-860A-A220085AF907}.Debug|x86.Build.0 = Debug|x86
		{36F3D1ED-766C-46E5-860A-A220085AF907}.Release|Any CPU.ActiveCfg = Release|Any CPU
		{36F3D1ED-766C-46E5-860A-A220085AF907}.Release|Any CPU.Build.0 = Release|Any CPU
		{36F3D1ED-766C-46E5-860A-A220085AF907}.Release|x64.ActiveCfg = Release|x64
		{36F3D1ED-766C-46E5-860A-A220085AF907}.Release|x64.Build.0 = Release|x64
		{36F3D1ED-766C-46E5-860A-A220085AF907}.Release|x86.ActiveCfg = Release|x86
		{36F3D1ED-766C-46E5-860A-A220085AF907}.Release|x86.Build.0 = Release|x86
		{8AD02C73-915E-4C73-8544-952970948C7C}.Debug|Any CPU.ActiveCfg = Debug|Any CPU
		{8AD02C73-915E-4C73-8544-952970948C7C}.Debug|Any CPU.Build.0 = Debug|Any CPU
		{8AD02C73-915E-4C73-8544-952970948C7C}.Debug|x64.ActiveCfg = Debug|x64
		{8AD02C73-915E-4C73-8544-952970948C7C}.Debug|x64.Build.0 = Debug|x64
		{8AD02C73-915E-4C73-8544-952970948C7C}.Debug|x86.ActiveCfg = Debug|x86
		{8AD02C73-915E-4C73-8544-952970948C7C}.Debug|x86.Build.0 = Debug|x86
		{8AD02C73-915E-4C73-8544-952970948C7C}.Release|Any CPU.ActiveCfg = Release|Any CPU
		{8AD02C73-915E-4C73-8544-952970948C7C}.Release|Any CPU.Build.0 = Release|Any CPU
		{8AD02C73-915E-4C73-8544-952970948C7C}.Release|x64.ActiveCfg = Release|x64
		{8AD02C73-915E-4C73-8544-952970948C7C}.Release|x64.Build.0 = Release|x64
		{8AD02C73-915E-4C73-8544-952970948C7C}.Release|x86.ActiveCfg = Release|x86
		{8AD02C73-915E-4C73-8544-952970948C7C}.Release|x86.Build.0 = Release|x86
		{FC142B86-B21D-46D9-8C8C-95B0F49CE994}.Debug|Any CPU.ActiveCfg = Debug|Any CPU
		{FC142B86-B21D-46D9-8C8C-95B0F49CE994}.Debug|Any CPU.Build.0 = Debug|Any CPU
		{FC142B86-B21D-46D9-8C8C-95B0F49CE994}.Debug|x64.ActiveCfg = Debug|x64
		{FC142B86-B21D-46D9-8C8C-95B0F49CE994}.Debug|x64.Build.0 = Debug|x64
		{FC142B86-B21D-46D9-8C8C-95B0F49CE994}.Debug|x86.ActiveCfg = Debug|x86
		{FC142B86-B21D-46D9-8C8C-95B0F49CE994}.Debug|x86.Build.0 = Debug|x86
		{FC142B86-B21D-46D9-8C8C-95B0F49CE994}.Release|Any CPU.ActiveCfg = Release|Any CPU
		{FC142B86-B21D-46D9-8C8C-95B0F49CE994}.Release|Any CPU.Build.0 = Release|Any CPU
		{FC142B86-B21D-46D9-8C8C-95B0F49CE994}.Release|x64.ActiveCfg = Release|x64
		{FC142B86-B21D-46D9-8C8C-95B0F49CE994}.Release|x64.Build.0 = Release|x64
		{FC142B86-B21D-46D9-8C8C-95B0F49CE994}.Release|x86.ActiveCfg = Release|x86
		{FC142B86-B21D-46D9-8C8C-95B0F49CE994}.Release|x86.Build.0 = Release|x86
	EndGlobalSection
	GlobalSection(NestedProjects) = preSolution
		{A6A78B05-5ECC-407F-A7F3-03FFA51C7AA1} = {1ADA6605-9989-4346-997C-2F0CB6760788}
		{F8461688-C096-4E0C-9127-4490ED07482B} = {1C16E9EC-1990-4AB8-8613-DDD8C7C29323}
		{7BA7CACE-CD86-484F-AC75-CBADE87778FF} = {29CC4CC2-36ED-4FF0-8DBA-BF6474BF6955}
		{1CDB68DF-93F5-4BEF-9811-48C84AE029F7} = {29CC4CC2-36ED-4FF0-8DBA-BF6474BF6955}
		{500643C5-9693-4E49-9419-AC5569D95BB2} = {29CC4CC2-36ED-4FF0-8DBA-BF6474BF6955}
		{85E15288-2ABF-4965-8020-5D1FE67046CD} = {23C797A6-6F93-48EE-8572-1A3A476762A0}
		{7A6849A0-E20E-46F3-9721-367AAFE7EAC7} = {85E15288-2ABF-4965-8020-5D1FE67046CD}
		{D562C0A4-FC4B-47DA-A9A0-CFF10ADA9780} = {23C797A6-6F93-48EE-8572-1A3A476762A0}
		{05A924EB-C017-4A8F-921C-AFF213839CF7} = {D562C0A4-FC4B-47DA-A9A0-CFF10ADA9780}
		{11002ED5-CD69-4C38-BC0E-AE703A4E273C} = {23C797A6-6F93-48EE-8572-1A3A476762A0}
		{A5828925-B189-456D-ABEC-BA4E6E8ADC5D} = {11002ED5-CD69-4C38-BC0E-AE703A4E273C}
		{D3A95AE1-4492-4AD6-B424-A77EAE5A41F1} = {4A06FF99-6892-4C3C-86A4-F80CD31D13B6}
		{3AACEB3B-034B-47BD-B2EF-A302B56EF4F3} = {D8F4AC97-796E-4C40-9A6C-901047DB85C5}
		{63F4889C-7082-4114-8C2D-7702374894A5} = {3AACEB3B-034B-47BD-B2EF-A302B56EF4F3}
		{063E81CE-E928-4E01-B4D5-F54BAADE47C7} = {D8F4AC97-796E-4C40-9A6C-901047DB85C5}
		{7A342DE7-3AED-4CC5-9337-DA714409A293} = {063E81CE-E928-4E01-B4D5-F54BAADE47C7}
		{4116F72C-AD1C-4B03-8037-0A72801A5390} = {D8F4AC97-796E-4C40-9A6C-901047DB85C5}
		{F6933131-FC00-424A-8B3D-86AD3FF90751} = {4116F72C-AD1C-4B03-8037-0A72801A5390}
		{767405CB-9028-43A7-A6D8-FB20F31D027E} = {4116F72C-AD1C-4B03-8037-0A72801A5390}
		{CD632B85-B598-4E71-9292-414BCCE49A4C} = {4116F72C-AD1C-4B03-8037-0A72801A5390}
		{0ECF907D-942D-48D8-B8DB-67B0FAAE8B5E} = {D8F4AC97-796E-4C40-9A6C-901047DB85C5}
		{2255E06A-1C5C-45F5-853A-9BBB1DEFD794} = {0ECF907D-942D-48D8-B8DB-67B0FAAE8B5E}
		{7511FCFC-61D9-4ADA-AC07-62D666B83082} = {2255E06A-1C5C-45F5-853A-9BBB1DEFD794}
		{55DAE0E4-1500-4D49-B4EC-8224BFEC614B} = {0ECF907D-942D-48D8-B8DB-67B0FAAE8B5E}
		{36F3D1ED-766C-46E5-860A-A220085AF907} = {55DAE0E4-1500-4D49-B4EC-8224BFEC614B}
		{7CAD0ED8-5626-4E71-B322-66C663402906} = {0ECF907D-942D-48D8-B8DB-67B0FAAE8B5E}
		{8AD02C73-915E-4C73-8544-952970948C7C} = {7CAD0ED8-5626-4E71-B322-66C663402906}
		{03846C5D-B7D0-49DF-AE00-73E85F06D15E} = {D8F4AC97-796E-4C40-9A6C-901047DB85C5}
		{FC142B86-B21D-46D9-8C8C-95B0F49CE994} = {03846C5D-B7D0-49DF-AE00-73E85F06D15E}
	EndGlobalSection
EndGlobal
